
Microsoft Visual Studio Solution File, Format Version 12.00
# Visual Studio 15
VisualStudioVersion = 15.0.26430.13
MinimumVisualStudioVersion = 10.0.40219.1
Project("{FAE04EC0-301F-11D3-BF4B-00C04F79EFBC}") = "dll_client_cuc", "dll_client_cuc\dll_client_cuc.csproj", "{276636F8-5906-4606-9CDF-251F19878DB4}"
EndProject
Project("{FAE04EC0-301F-11D3-BF4B-00C04F79EFBC}") = "dll_client_cut", "dll_client_cut\dll_client_cut.csproj", "{4CE4C22C-839A-4935-815B-B9DE84087E45}"
EndProject
Project("{2150E333-8FDC-42A3-9474-1A3956D46DE8}") = "SERVER", "SERVER", "{E4993238-6BF1-4F7A-B9DB-5CF99ADEDE0F}"
EndProject
Project("{2150E333-8FDC-42A3-9474-1A3956D46DE8}") = "MESSAGING", "MESSAGING", "{8DAA45DA-9F41-4186-88E5-6973BB31E4A2}"
EndProject
Project("{2150E333-8FDC-42A3-9474-1A3956D46DE8}") = "CLIENT", "CLIENT", "{EED3ED79-534C-4950-A391-D493E5100AFB}"
EndProject
Project("{2150E333-8FDC-42A3-9474-1A3956D46DE8}") = "CONTRACT", "CONTRACT", "{72B0571C-0A10-4062-9385-F6AAFFB69297}"
EndProject
Project("{FAE04EC0-301F-11D3-BF4B-00C04F79EFBC}") = "form_client_cu", "form_client_cu\form_client_cu.csproj", "{8F562195-0A57-4CB1-B520-2693A49AA801}"
EndProject
Project("{FAE04EC0-301F-11D3-BF4B-00C04F79EFBC}") = "dll_service_contract", "dll_service_contract\dll_service_contract.csproj", "{8A58F301-FC74-4A63-8E29-43B95E5C82D8}"
EndProject
Project("{FAE04EC0-301F-11D3-BF4B-00C04F79EFBC}") = "dll_stg", "dll_stg\dll_stg.csproj", "{B959A93A-0722-4802-B3C7-D302AA545067}"
EndProject
Project("{FAE04EC0-301F-11D3-BF4B-00C04F79EFBC}") = "data", "ClassLibrary1\data.csproj", "{0BEB1AA6-1CB1-4EB4-85E5-A2375E883902}"
EndProject
Project("{FAE04EC0-301F-11D3-BF4B-00C04F79EFBC}") = "server", "ConsoleApp1\server.csproj", "{DE32944A-B89D-4382-896E-D400DD997B02}"
EndProject
Project("{FAE04EC0-301F-11D3-BF4B-00C04F79EFBC}") = "service", "ClassLibrary2\service.csproj", "{EF446026-D82F-4491-BD82-CE64A8D059C5}"
EndProject
Global
	GlobalSection(SolutionConfigurationPlatforms) = preSolution
		Debug|Any CPU = Debug|Any CPU
		Release|Any CPU = Release|Any CPU
	EndGlobalSection
	GlobalSection(ProjectConfigurationPlatforms) = postSolution
		{276636F8-5906-4606-9CDF-251F19878DB4}.Debug|Any CPU.ActiveCfg = Debug|Any CPU
		{276636F8-5906-4606-9CDF-251F19878DB4}.Debug|Any CPU.Build.0 = Debug|Any CPU
		{276636F8-5906-4606-9CDF-251F19878DB4}.Release|Any CPU.ActiveCfg = Release|Any CPU
		{276636F8-5906-4606-9CDF-251F19878DB4}.Release|Any CPU.Build.0 = Release|Any CPU
		{4CE4C22C-839A-4935-815B-B9DE84087E45}.Debug|Any CPU.ActiveCfg = Debug|Any CPU
		{4CE4C22C-839A-4935-815B-B9DE84087E45}.Debug|Any CPU.Build.0 = Debug|Any CPU
		{4CE4C22C-839A-4935-815B-B9DE84087E45}.Release|Any CPU.ActiveCfg = Release|Any CPU
		{4CE4C22C-839A-4935-815B-B9DE84087E45}.Release|Any CPU.Build.0 = Release|Any CPU
		{8F562195-0A57-4CB1-B520-2693A49AA801}.Debug|Any CPU.ActiveCfg = Debug|Any CPU
		{8F562195-0A57-4CB1-B520-2693A49AA801}.Debug|Any CPU.Build.0 = Debug|Any CPU
		{8F562195-0A57-4CB1-B520-2693A49AA801}.Release|Any CPU.ActiveCfg = Release|Any CPU
		{8F562195-0A57-4CB1-B520-2693A49AA801}.Release|Any CPU.Build.0 = Release|Any CPU
		{8A58F301-FC74-4A63-8E29-43B95E5C82D8}.Debug|Any CPU.ActiveCfg = Debug|Any CPU
		{8A58F301-FC74-4A63-8E29-43B95E5C82D8}.Debug|Any CPU.Build.0 = Debug|Any CPU
		{8A58F301-FC74-4A63-8E29-43B95E5C82D8}.Release|Any CPU.ActiveCfg = Release|Any CPU
		{8A58F301-FC74-4A63-8E29-43B95E5C82D8}.Release|Any CPU.Build.0 = Release|Any CPU
		{B959A93A-0722-4802-B3C7-D302AA545067}.Debug|Any CPU.ActiveCfg = Debug|Any CPU
		{B959A93A-0722-4802-B3C7-D302AA545067}.Debug|Any CPU.Build.0 = Debug|Any CPU
		{B959A93A-0722-4802-B3C7-D302AA545067}.Release|Any CPU.ActiveCfg = Release|Any CPU
		{B959A93A-0722-4802-B3C7-D302AA545067}.Release|Any CPU.Build.0 = Release|Any CPU
		{0BEB1AA6-1CB1-4EB4-85E5-A2375E883902}.Debug|Any CPU.ActiveCfg = Debug|Any CPU
		{0BEB1AA6-1CB1-4EB4-85E5-A2375E883902}.Debug|Any CPU.Build.0 = Debug|Any CPU
		{0BEB1AA6-1CB1-4EB4-85E5-A2375E883902}.Release|Any CPU.ActiveCfg = Release|Any CPU
		{0BEB1AA6-1CB1-4EB4-85E5-A2375E883902}.Release|Any CPU.Build.0 = Release|Any CPU
		{DE32944A-B89D-4382-896E-D400DD997B02}.Debug|Any CPU.ActiveCfg = Debug|Any CPU
		{DE32944A-B89D-4382-896E-D400DD997B02}.Debug|Any CPU.Build.0 = Debug|Any CPU
		{DE32944A-B89D-4382-896E-D400DD997B02}.Release|Any CPU.ActiveCfg = Release|Any CPU
		{DE32944A-B89D-4382-896E-D400DD997B02}.Release|Any CPU.Build.0 = Release|Any CPU
		{EF446026-D82F-4491-BD82-CE64A8D059C5}.Debug|Any CPU.ActiveCfg = Debug|Any CPU
		{EF446026-D82F-4491-BD82-CE64A8D059C5}.Debug|Any CPU.Build.0 = Debug|Any CPU
		{EF446026-D82F-4491-BD82-CE64A8D059C5}.Release|Any CPU.ActiveCfg = Release|Any CPU
		{EF446026-D82F-4491-BD82-CE64A8D059C5}.Release|Any CPU.Build.0 = Release|Any CPU
	EndGlobalSection
	GlobalSection(SolutionProperties) = preSolution
		HideSolutionNode = FALSE
	EndGlobalSection
	GlobalSection(NestedProjects) = preSolution
		{276636F8-5906-4606-9CDF-251F19878DB4} = {EED3ED79-534C-4950-A391-D493E5100AFB}
		{4CE4C22C-839A-4935-815B-B9DE84087E45} = {EED3ED79-534C-4950-A391-D493E5100AFB}
		{8F562195-0A57-4CB1-B520-2693A49AA801} = {EED3ED79-534C-4950-A391-D493E5100AFB}
		{8A58F301-FC74-4A63-8E29-43B95E5C82D8} = {72B0571C-0A10-4062-9385-F6AAFFB69297}
		{B959A93A-0722-4802-B3C7-D302AA545067} = {8DAA45DA-9F41-4186-88E5-6973BB31E4A2}
		{0BEB1AA6-1CB1-4EB4-85E5-A2375E883902} = {E4993238-6BF1-4F7A-B9DB-5CF99ADEDE0F}
		{DE32944A-B89D-4382-896E-D400DD997B02} = {E4993238-6BF1-4F7A-B9DB-5CF99ADEDE0F}
		{EF446026-D82F-4491-BD82-CE64A8D059C5} = {E4993238-6BF1-4F7A-B9DB-5CF99ADEDE0F}
	EndGlobalSection
EndGlobal
