
Microsoft Visual Studio Solution File, Format Version 12.00
# Visual Studio 15
VisualStudioVersion = 15.0.26430.13
MinimumVisualStudioVersion = 10.0.40219.1
Project("{2150E333-8FDC-42A3-9474-1A3956D46DE8}") = "SERVER", "SERVER", "{E4993238-6BF1-4F7A-B9DB-5CF99ADEDE0F}"
EndProject
Project("{2150E333-8FDC-42A3-9474-1A3956D46DE8}") = "MESSAGING", "MESSAGING", "{8DAA45DA-9F41-4186-88E5-6973BB31E4A2}"
EndProject
Project("{2150E333-8FDC-42A3-9474-1A3956D46DE8}") = "CLIENT", "CLIENT", "{EED3ED79-534C-4950-A391-D493E5100AFB}"
EndProject
Project("{2150E333-8FDC-42A3-9474-1A3956D46DE8}") = "CONTRACT", "CONTRACT", "{72B0571C-0A10-4062-9385-F6AAFFB69297}"
EndProject
Project("{FAE04EC0-301F-11D3-BF4B-00C04F79EFBC}") = "client", "form_client_cu\client.csproj", "{8F562195-0A57-4CB1-B520-2693A49AA801}"
EndProject
Project("{FAE04EC0-301F-11D3-BF4B-00C04F79EFBC}") = "dll_service_contract", "dll_service_contract\dll_service_contract.csproj", "{8A58F301-FC74-4A63-8E29-43B95E5C82D8}"
EndProject
Project("{FAE04EC0-301F-11D3-BF4B-00C04F79EFBC}") = "dll_stg", "dll_stg\dll_stg.csproj", "{B959A93A-0722-4802-B3C7-D302AA545067}"
EndProject
Project("{FAE04EC0-301F-11D3-BF4B-00C04F79EFBC}") = "dll_client_cut", "dll_client_cut\dll_client_cut.csproj", "{EC28A8B7-35A6-4E2B-A59D-62A20DDDFD84}"
EndProject
Project("{FAE04EC0-301F-11D3-BF4B-00C04F79EFBC}") = "logique", "logique\logique.csproj", "{3B2DF706-765D-4459-A4C8-389AD8ADC90C}"
EndProject
Project("{FAE04EC0-301F-11D3-BF4B-00C04F79EFBC}") = "data", "data\data.csproj", "{F411A870-CB50-4C70-B047-1EE821AD9DD9}"
EndProject
Project("{FAE04EC0-301F-11D3-BF4B-00C04F79EFBC}") = "controller", "controller\controller.csproj", "{554B137F-4308-46E8-8945-2524509D2A18}"
EndProject
Project("{FAE04EC0-301F-11D3-BF4B-00C04F79EFBC}") = "server", "server.cs\server.csproj", "{317440FA-57D7-4E70-86E7-6C9A3D49A7E4}"
EndProject
Project("{FAE04EC0-301F-11D3-BF4B-00C04F79EFBC}") = "service", "service.cs\service.csproj", "{1C8CA736-AB14-46CD-AA63-9E7960A07DEB}"
EndProject
Global
	GlobalSection(SolutionConfigurationPlatforms) = preSolution
		Debug|Any CPU = Debug|Any CPU
		Release|Any CPU = Release|Any CPU
	EndGlobalSection
	GlobalSection(ProjectConfigurationPlatforms) = postSolution
		{8F562195-0A57-4CB1-B520-2693A49AA801}.Debug|Any CPU.ActiveCfg = Debug|Any CPU
		{8F562195-0A57-4CB1-B520-2693A49AA801}.Debug|Any CPU.Build.0 = Debug|Any CPU
		{8F562195-0A57-4CB1-B520-2693A49AA801}.Release|Any CPU.ActiveCfg = Release|Any CPU
		{8F562195-0A57-4CB1-B520-2693A49AA801}.Release|Any CPU.Build.0 = Release|Any CPU
		{8A58F301-FC74-4A63-8E29-43B95E5C82D8}.Debug|Any CPU.ActiveCfg = Debug|Any CPU
		{8A58F301-FC74-4A63-8E29-43B95E5C82D8}.Debug|Any CPU.Build.0 = Debug|Any CPU
		{8A58F301-FC74-4A63-8E29-43B95E5C82D8}.Release|Any CPU.ActiveCfg = Release|Any CPU
		{8A58F301-FC74-4A63-8E29-43B95E5C82D8}.Release|Any CPU.Build.0 = Release|Any CPU
		{B959A93A-0722-4802-B3C7-D302AA545067}.Debug|Any CPU.ActiveCfg = Debug|Any CPU
		{B959A93A-0722-4802-B3C7-D302AA545067}.Debug|Any CPU.Build.0 = Debug|Any CPU
		{B959A93A-0722-4802-B3C7-D302AA545067}.Release|Any CPU.ActiveCfg = Release|Any CPU
		{B959A93A-0722-4802-B3C7-D302AA545067}.Release|Any CPU.Build.0 = Release|Any CPU
		{EC28A8B7-35A6-4E2B-A59D-62A20DDDFD84}.Debug|Any CPU.ActiveCfg = Debug|Any CPU
		{EC28A8B7-35A6-4E2B-A59D-62A20DDDFD84}.Debug|Any CPU.Build.0 = Debug|Any CPU
		{EC28A8B7-35A6-4E2B-A59D-62A20DDDFD84}.Release|Any CPU.ActiveCfg = Release|Any CPU
		{EC28A8B7-35A6-4E2B-A59D-62A20DDDFD84}.Release|Any CPU.Build.0 = Release|Any CPU
		{3B2DF706-765D-4459-A4C8-389AD8ADC90C}.Debug|Any CPU.ActiveCfg = Debug|Any CPU
		{3B2DF706-765D-4459-A4C8-389AD8ADC90C}.Debug|Any CPU.Build.0 = Debug|Any CPU
		{3B2DF706-765D-4459-A4C8-389AD8ADC90C}.Release|Any CPU.ActiveCfg = Release|Any CPU
		{3B2DF706-765D-4459-A4C8-389AD8ADC90C}.Release|Any CPU.Build.0 = Release|Any CPU
		{F411A870-CB50-4C70-B047-1EE821AD9DD9}.Debug|Any CPU.ActiveCfg = Debug|Any CPU
		{F411A870-CB50-4C70-B047-1EE821AD9DD9}.Debug|Any CPU.Build.0 = Debug|Any CPU
		{F411A870-CB50-4C70-B047-1EE821AD9DD9}.Release|Any CPU.ActiveCfg = Release|Any CPU
		{F411A870-CB50-4C70-B047-1EE821AD9DD9}.Release|Any CPU.Build.0 = Release|Any CPU
		{554B137F-4308-46E8-8945-2524509D2A18}.Debug|Any CPU.ActiveCfg = Debug|Any CPU
		{554B137F-4308-46E8-8945-2524509D2A18}.Debug|Any CPU.Build.0 = Debug|Any CPU
		{554B137F-4308-46E8-8945-2524509D2A18}.Release|Any CPU.ActiveCfg = Release|Any CPU
		{554B137F-4308-46E8-8945-2524509D2A18}.Release|Any CPU.Build.0 = Release|Any CPU
		{317440FA-57D7-4E70-86E7-6C9A3D49A7E4}.Debug|Any CPU.ActiveCfg = Debug|Any CPU
		{317440FA-57D7-4E70-86E7-6C9A3D49A7E4}.Debug|Any CPU.Build.0 = Debug|Any CPU
		{317440FA-57D7-4E70-86E7-6C9A3D49A7E4}.Release|Any CPU.ActiveCfg = Release|Any CPU
		{317440FA-57D7-4E70-86E7-6C9A3D49A7E4}.Release|Any CPU.Build.0 = Release|Any CPU
		{1C8CA736-AB14-46CD-AA63-9E7960A07DEB}.Debug|Any CPU.ActiveCfg = Debug|Any CPU
		{1C8CA736-AB14-46CD-AA63-9E7960A07DEB}.Debug|Any CPU.Build.0 = Debug|Any CPU
		{1C8CA736-AB14-46CD-AA63-9E7960A07DEB}.Release|Any CPU.ActiveCfg = Release|Any CPU
		{1C8CA736-AB14-46CD-AA63-9E7960A07DEB}.Release|Any CPU.Build.0 = Release|Any CPU
	EndGlobalSection
	GlobalSection(SolutionProperties) = preSolution
		HideSolutionNode = FALSE
	EndGlobalSection
	GlobalSection(NestedProjects) = preSolution
		{8F562195-0A57-4CB1-B520-2693A49AA801} = {EED3ED79-534C-4950-A391-D493E5100AFB}
		{8A58F301-FC74-4A63-8E29-43B95E5C82D8} = {72B0571C-0A10-4062-9385-F6AAFFB69297}
		{B959A93A-0722-4802-B3C7-D302AA545067} = {8DAA45DA-9F41-4186-88E5-6973BB31E4A2}
		{EC28A8B7-35A6-4E2B-A59D-62A20DDDFD84} = {EED3ED79-534C-4950-A391-D493E5100AFB}
		{3B2DF706-765D-4459-A4C8-389AD8ADC90C} = {E4993238-6BF1-4F7A-B9DB-5CF99ADEDE0F}
		{F411A870-CB50-4C70-B047-1EE821AD9DD9} = {E4993238-6BF1-4F7A-B9DB-5CF99ADEDE0F}
		{554B137F-4308-46E8-8945-2524509D2A18} = {E4993238-6BF1-4F7A-B9DB-5CF99ADEDE0F}
		{317440FA-57D7-4E70-86E7-6C9A3D49A7E4} = {E4993238-6BF1-4F7A-B9DB-5CF99ADEDE0F}
		{1C8CA736-AB14-46CD-AA63-9E7960A07DEB} = {E4993238-6BF1-4F7A-B9DB-5CF99ADEDE0F}
	EndGlobalSection
EndGlobal
