
Microsoft Visual Studio Solution File, Format Version 12.00
# Visual Studio 15
VisualStudioVersion = 15.0.26430.13
MinimumVisualStudioVersion = 10.0.40219.1
Project("{FAE04EC0-301F-11D3-BF4B-00C04F79EFBC}") = "dll_client_cuc", "dll_client_cuc\dll_client_cuc.csproj", "{276636F8-5906-4606-9CDF-251F19878DB4}"
EndProject
Project("{FAE04EC0-301F-11D3-BF4B-00C04F79EFBC}") = "dll_client_cut", "dll_client_cut\dll_client_cut.csproj", "{4CE4C22C-839A-4935-815B-B9DE84087E45}"
EndProject
Project("{FAE04EC0-301F-11D3-BF4B-00C04F79EFBC}") = "dll_contract_data_contract", "dll_dataContract\dll_contract_data_contract.csproj", "{E73F01E7-F549-4378-8825-ACE87E9403B2}"
EndProject
Project("{FAE04EC0-301F-11D3-BF4B-00C04F79EFBC}") = "dll_contract_service_contract", "dll_service_contract\dll_contract_service_contract.csproj", "{0055493B-7160-47E7-A217-1FB464FB75EF}"
EndProject
Project("{FAE04EC0-301F-11D3-BF4B-00C04F79EFBC}") = "dll_contract_message_contract", "dll_message_contract\dll_contract_message_contract.csproj", "{5EB2CAE4-5433-4305-A057-F26CD1AEF08E}"
EndProject
Project("{FAE04EC0-301F-11D3-BF4B-00C04F79EFBC}") = "dll_contract_policy_binding", "dll_policy_binding\dll_contract_policy_binding.csproj", "{F3B7FFFC-6CDB-4462-BF35-395D1179D218}"
EndProject
Project("{FAE04EC0-301F-11D3-BF4B-00C04F79EFBC}") = "cl_server_svr", "cl_server_svr\cl_server_svr.csproj", "{9C95A69D-6FED-4444-981A-9BA03C29187D}"
EndProject
Project("{FAE04EC0-301F-11D3-BF4B-00C04F79EFBC}") = "cl_server_svc", "cl_service_svc\cl_server_svc.csproj", "{F2F2BD3B-02A1-40CF-BB69-EE4B42295330}"
EndProject
Project("{2150E333-8FDC-42A3-9474-1A3956D46DE8}") = "SERVER", "SERVER", "{E4993238-6BF1-4F7A-B9DB-5CF99ADEDE0F}"
EndProject
Project("{2150E333-8FDC-42A3-9474-1A3956D46DE8}") = "MESSAGING", "MESSAGING", "{8DAA45DA-9F41-4186-88E5-6973BB31E4A2}"
EndProject
Project("{2150E333-8FDC-42A3-9474-1A3956D46DE8}") = "CLIENT", "CLIENT", "{EED3ED79-534C-4950-A391-D493E5100AFB}"
EndProject
Project("{2150E333-8FDC-42A3-9474-1A3956D46DE8}") = "CONTRACT", "CONTRACT", "{72B0571C-0A10-4062-9385-F6AAFFB69297}"
EndProject
Project("{FAE04EC0-301F-11D3-BF4B-00C04F79EFBC}") = "dll_messaging_transport_channels", "dll_messaging_transport_channels\dll_messaging_transport_channels.csproj", "{01A665BF-D964-483A-9D8D-B060D474EBEF}"
EndProject
Project("{FAE04EC0-301F-11D3-BF4B-00C04F79EFBC}") = "dll_messaging_protocol_channels", "dll_messaging_protocol_channels\dll_messaging_protocol_channels.csproj", "{F300709A-9FF5-4C88-B8CD-FEC81FD943F9}"
EndProject
Project("{FAE04EC0-301F-11D3-BF4B-00C04F79EFBC}") = "cl_server_cam", "cl_server_cam\cl_server_cam.csproj", "{16FD57F4-DAA1-4F89-BB5C-BF6453AAF08E}"
EndProject
Project("{FAE04EC0-301F-11D3-BF4B-00C04F79EFBC}") = "cl_server_cad", "cl_server_cad\cl_server_cad.csproj", "{3E99CF87-5A54-4D77-978F-F4C1B732BB3F}"
EndProject
Project("{FAE04EC0-301F-11D3-BF4B-00C04F79EFBC}") = "cl_server_cm", "cl_server_cm\cl_server_cm.csproj", "{A1552D47-368D-4BDE-9D88-9A694CEE07C7}"
EndProject
Project("{FAE04EC0-301F-11D3-BF4B-00C04F79EFBC}") = "cl_server_cwf", "cl_server_cwf\cl_server_cwf.csproj", "{B0C36010-FD88-4063-A194-84967E12EC76}"
EndProject
Project("{FAE04EC0-301F-11D3-BF4B-00C04F79EFBC}") = "form_client_cu", "form_client_cu\form_client_cu.csproj", "{8F562195-0A57-4CB1-B520-2693A49AA801}"
EndProject
Global
	GlobalSection(SolutionConfigurationPlatforms) = preSolution
		Debug|Any CPU = Debug|Any CPU
		Release|Any CPU = Release|Any CPU
	EndGlobalSection
	GlobalSection(ProjectConfigurationPlatforms) = postSolution
		{276636F8-5906-4606-9CDF-251F19878DB4}.Debug|Any CPU.ActiveCfg = Debug|Any CPU
		{276636F8-5906-4606-9CDF-251F19878DB4}.Debug|Any CPU.Build.0 = Debug|Any CPU
		{276636F8-5906-4606-9CDF-251F19878DB4}.Release|Any CPU.ActiveCfg = Release|Any CPU
		{276636F8-5906-4606-9CDF-251F19878DB4}.Release|Any CPU.Build.0 = Release|Any CPU
		{4CE4C22C-839A-4935-815B-B9DE84087E45}.Debug|Any CPU.ActiveCfg = Debug|Any CPU
		{4CE4C22C-839A-4935-815B-B9DE84087E45}.Debug|Any CPU.Build.0 = Debug|Any CPU
		{4CE4C22C-839A-4935-815B-B9DE84087E45}.Release|Any CPU.ActiveCfg = Release|Any CPU
		{4CE4C22C-839A-4935-815B-B9DE84087E45}.Release|Any CPU.Build.0 = Release|Any CPU
		{E73F01E7-F549-4378-8825-ACE87E9403B2}.Debug|Any CPU.ActiveCfg = Debug|Any CPU
		{E73F01E7-F549-4378-8825-ACE87E9403B2}.Debug|Any CPU.Build.0 = Debug|Any CPU
		{E73F01E7-F549-4378-8825-ACE87E9403B2}.Release|Any CPU.ActiveCfg = Release|Any CPU
		{E73F01E7-F549-4378-8825-ACE87E9403B2}.Release|Any CPU.Build.0 = Release|Any CPU
		{0055493B-7160-47E7-A217-1FB464FB75EF}.Debug|Any CPU.ActiveCfg = Debug|Any CPU
		{0055493B-7160-47E7-A217-1FB464FB75EF}.Debug|Any CPU.Build.0 = Debug|Any CPU
		{0055493B-7160-47E7-A217-1FB464FB75EF}.Release|Any CPU.ActiveCfg = Release|Any CPU
		{0055493B-7160-47E7-A217-1FB464FB75EF}.Release|Any CPU.Build.0 = Release|Any CPU
		{5EB2CAE4-5433-4305-A057-F26CD1AEF08E}.Debug|Any CPU.ActiveCfg = Debug|Any CPU
		{5EB2CAE4-5433-4305-A057-F26CD1AEF08E}.Debug|Any CPU.Build.0 = Debug|Any CPU
		{5EB2CAE4-5433-4305-A057-F26CD1AEF08E}.Release|Any CPU.ActiveCfg = Release|Any CPU
		{5EB2CAE4-5433-4305-A057-F26CD1AEF08E}.Release|Any CPU.Build.0 = Release|Any CPU
		{F3B7FFFC-6CDB-4462-BF35-395D1179D218}.Debug|Any CPU.ActiveCfg = Debug|Any CPU
		{F3B7FFFC-6CDB-4462-BF35-395D1179D218}.Debug|Any CPU.Build.0 = Debug|Any CPU
		{F3B7FFFC-6CDB-4462-BF35-395D1179D218}.Release|Any CPU.ActiveCfg = Release|Any CPU
		{F3B7FFFC-6CDB-4462-BF35-395D1179D218}.Release|Any CPU.Build.0 = Release|Any CPU
		{9C95A69D-6FED-4444-981A-9BA03C29187D}.Debug|Any CPU.ActiveCfg = Debug|Any CPU
		{9C95A69D-6FED-4444-981A-9BA03C29187D}.Debug|Any CPU.Build.0 = Debug|Any CPU
		{9C95A69D-6FED-4444-981A-9BA03C29187D}.Release|Any CPU.ActiveCfg = Release|Any CPU
		{9C95A69D-6FED-4444-981A-9BA03C29187D}.Release|Any CPU.Build.0 = Release|Any CPU
		{F2F2BD3B-02A1-40CF-BB69-EE4B42295330}.Debug|Any CPU.ActiveCfg = Debug|Any CPU
		{F2F2BD3B-02A1-40CF-BB69-EE4B42295330}.Debug|Any CPU.Build.0 = Debug|Any CPU
		{F2F2BD3B-02A1-40CF-BB69-EE4B42295330}.Release|Any CPU.ActiveCfg = Release|Any CPU
		{F2F2BD3B-02A1-40CF-BB69-EE4B42295330}.Release|Any CPU.Build.0 = Release|Any CPU
		{01A665BF-D964-483A-9D8D-B060D474EBEF}.Debug|Any CPU.ActiveCfg = Debug|Any CPU
		{01A665BF-D964-483A-9D8D-B060D474EBEF}.Debug|Any CPU.Build.0 = Debug|Any CPU
		{01A665BF-D964-483A-9D8D-B060D474EBEF}.Release|Any CPU.ActiveCfg = Release|Any CPU
		{01A665BF-D964-483A-9D8D-B060D474EBEF}.Release|Any CPU.Build.0 = Release|Any CPU
		{F300709A-9FF5-4C88-B8CD-FEC81FD943F9}.Debug|Any CPU.ActiveCfg = Debug|Any CPU
		{F300709A-9FF5-4C88-B8CD-FEC81FD943F9}.Debug|Any CPU.Build.0 = Debug|Any CPU
		{F300709A-9FF5-4C88-B8CD-FEC81FD943F9}.Release|Any CPU.ActiveCfg = Release|Any CPU
		{F300709A-9FF5-4C88-B8CD-FEC81FD943F9}.Release|Any CPU.Build.0 = Release|Any CPU
		{16FD57F4-DAA1-4F89-BB5C-BF6453AAF08E}.Debug|Any CPU.ActiveCfg = Debug|Any CPU
		{16FD57F4-DAA1-4F89-BB5C-BF6453AAF08E}.Debug|Any CPU.Build.0 = Debug|Any CPU
		{16FD57F4-DAA1-4F89-BB5C-BF6453AAF08E}.Release|Any CPU.ActiveCfg = Release|Any CPU
		{16FD57F4-DAA1-4F89-BB5C-BF6453AAF08E}.Release|Any CPU.Build.0 = Release|Any CPU
		{3E99CF87-5A54-4D77-978F-F4C1B732BB3F}.Debug|Any CPU.ActiveCfg = Debug|Any CPU
		{3E99CF87-5A54-4D77-978F-F4C1B732BB3F}.Debug|Any CPU.Build.0 = Debug|Any CPU
		{3E99CF87-5A54-4D77-978F-F4C1B732BB3F}.Release|Any CPU.ActiveCfg = Release|Any CPU
		{3E99CF87-5A54-4D77-978F-F4C1B732BB3F}.Release|Any CPU.Build.0 = Release|Any CPU
		{A1552D47-368D-4BDE-9D88-9A694CEE07C7}.Debug|Any CPU.ActiveCfg = Debug|Any CPU
		{A1552D47-368D-4BDE-9D88-9A694CEE07C7}.Debug|Any CPU.Build.0 = Debug|Any CPU
		{A1552D47-368D-4BDE-9D88-9A694CEE07C7}.Release|Any CPU.ActiveCfg = Release|Any CPU
		{A1552D47-368D-4BDE-9D88-9A694CEE07C7}.Release|Any CPU.Build.0 = Release|Any CPU
		{B0C36010-FD88-4063-A194-84967E12EC76}.Debug|Any CPU.ActiveCfg = Debug|Any CPU
		{B0C36010-FD88-4063-A194-84967E12EC76}.Debug|Any CPU.Build.0 = Debug|Any CPU
		{B0C36010-FD88-4063-A194-84967E12EC76}.Release|Any CPU.ActiveCfg = Release|Any CPU
		{B0C36010-FD88-4063-A194-84967E12EC76}.Release|Any CPU.Build.0 = Release|Any CPU
		{8F562195-0A57-4CB1-B520-2693A49AA801}.Debug|Any CPU.ActiveCfg = Debug|Any CPU
		{8F562195-0A57-4CB1-B520-2693A49AA801}.Debug|Any CPU.Build.0 = Debug|Any CPU
		{8F562195-0A57-4CB1-B520-2693A49AA801}.Release|Any CPU.ActiveCfg = Release|Any CPU
		{8F562195-0A57-4CB1-B520-2693A49AA801}.Release|Any CPU.Build.0 = Release|Any CPU
	EndGlobalSection
	GlobalSection(SolutionProperties) = preSolution
		HideSolutionNode = FALSE
	EndGlobalSection
	GlobalSection(NestedProjects) = preSolution
		{276636F8-5906-4606-9CDF-251F19878DB4} = {EED3ED79-534C-4950-A391-D493E5100AFB}
		{4CE4C22C-839A-4935-815B-B9DE84087E45} = {EED3ED79-534C-4950-A391-D493E5100AFB}
		{E73F01E7-F549-4378-8825-ACE87E9403B2} = {72B0571C-0A10-4062-9385-F6AAFFB69297}
		{0055493B-7160-47E7-A217-1FB464FB75EF} = {72B0571C-0A10-4062-9385-F6AAFFB69297}
		{5EB2CAE4-5433-4305-A057-F26CD1AEF08E} = {72B0571C-0A10-4062-9385-F6AAFFB69297}
		{F3B7FFFC-6CDB-4462-BF35-395D1179D218} = {72B0571C-0A10-4062-9385-F6AAFFB69297}
		{9C95A69D-6FED-4444-981A-9BA03C29187D} = {E4993238-6BF1-4F7A-B9DB-5CF99ADEDE0F}
		{F2F2BD3B-02A1-40CF-BB69-EE4B42295330} = {E4993238-6BF1-4F7A-B9DB-5CF99ADEDE0F}
		{01A665BF-D964-483A-9D8D-B060D474EBEF} = {8DAA45DA-9F41-4186-88E5-6973BB31E4A2}
		{F300709A-9FF5-4C88-B8CD-FEC81FD943F9} = {8DAA45DA-9F41-4186-88E5-6973BB31E4A2}
		{16FD57F4-DAA1-4F89-BB5C-BF6453AAF08E} = {E4993238-6BF1-4F7A-B9DB-5CF99ADEDE0F}
		{3E99CF87-5A54-4D77-978F-F4C1B732BB3F} = {E4993238-6BF1-4F7A-B9DB-5CF99ADEDE0F}
		{A1552D47-368D-4BDE-9D88-9A694CEE07C7} = {E4993238-6BF1-4F7A-B9DB-5CF99ADEDE0F}
		{B0C36010-FD88-4063-A194-84967E12EC76} = {E4993238-6BF1-4F7A-B9DB-5CF99ADEDE0F}
		{8F562195-0A57-4CB1-B520-2693A49AA801} = {EED3ED79-534C-4950-A391-D493E5100AFB}
	EndGlobalSection
EndGlobal
